
Microsoft Visual Studio Solution File, Format Version 12.00
# Visual Studio Version 17
VisualStudioVersion = 17.0.32112.339
MinimumVisualStudioVersion = 10.0.40219.1
Project("{9A19103F-16F7-4668-BE54-9A1E7A4F7556}") = "Lesson1", "Lesson1\Lesson1.csproj", "{CBFF5878-349D-4D43-BDA2-192057AE179A}"
EndProject
Global
	GlobalSection(SolutionConfigurationPlatforms) = preSolution
		Debug|Any CPU = Debug|Any CPU
		Release|Any CPU = Release|Any CPU
	EndGlobalSection
	GlobalSection(ProjectConfigurationPlatforms) = postSolution
		{CBFF5878-349D-4D43-BDA2-192057AE179A}.Debug|Any CPU.ActiveCfg = Debug|Any CPU
		{CBFF5878-349D-4D43-BDA2-192057AE179A}.Debug|Any CPU.Build.0 = Debug|Any CPU
		{CBFF5878-349D-4D43-BDA2-192057AE179A}.Release|Any CPU.ActiveCfg = Release|Any CPU
		{CBFF5878-349D-4D43-BDA2-192057AE179A}.Release|Any CPU.Build.0 = Release|Any CPU
	EndGlobalSection
	GlobalSection(SolutionProperties) = preSolution
		HideSolutionNode = FALSE
	EndGlobalSection
	GlobalSection(ExtensibilityGlobals) = postSolution
		SolutionGuid = {2F58A57F-0CF1-4E55-83DB-2B19C2AFE567}
	EndGlobalSection
EndGlobal
